// !$*UTF8*$!
{
	archiveVersion = 1;
	classes = {
	};
	objectVersion = 52;
	objects = {

/* Begin PBXBuildFile section */
		A4212C8B279741C9009C41F5 /* Pods_Flash_Chat.framework in Frameworks */ = {isa = PBXBuildFile; fileRef = C322F9D267864B355B9500F9 /* Pods_Flash_Chat.framework */; };
		A4777DBA2790F38E00D0B799 /* GoogleService-Info.plist in Resources */ = {isa = PBXBuildFile; fileRef = A4777DB92790F38E00D0B799 /* GoogleService-Info.plist */; };
		A487E7F9278FAE5300584638 /* AppDelegate.swift in Sources */ = {isa = PBXBuildFile; fileRef = A487E7F8278FAE5300584638 /* AppDelegate.swift */; };
		A487E7FB278FAE5300584638 /* SceneDelegate.swift in Sources */ = {isa = PBXBuildFile; fileRef = A487E7FA278FAE5300584638 /* SceneDelegate.swift */; };
		A487E7FD278FAE5300584638 /* WelcomeViewController.swift in Sources */ = {isa = PBXBuildFile; fileRef = A487E7FC278FAE5300584638 /* WelcomeViewController.swift */; };
		A487E800278FAE5300584638 /* Main.storyboard in Resources */ = {isa = PBXBuildFile; fileRef = A487E7FE278FAE5300584638 /* Main.storyboard */; };
		A487E802278FAE5C00584638 /* Assets.xcassets in Resources */ = {isa = PBXBuildFile; fileRef = A487E801278FAE5C00584638 /* Assets.xcassets */; };
		A487E805278FAE5C00584638 /* LaunchScreen.storyboard in Resources */ = {isa = PBXBuildFile; fileRef = A487E803278FAE5C00584638 /* LaunchScreen.storyboard */; };
		A487E80F278FAED700584638 /* RegisterViewController.swift in Sources */ = {isa = PBXBuildFile; fileRef = A487E80E278FAED700584638 /* RegisterViewController.swift */; };
		A487E812278FAF4E00584638 /* LoginViewController.swift in Sources */ = {isa = PBXBuildFile; fileRef = A487E811278FAF4E00584638 /* LoginViewController.swift */; };
		A487E815278FAF6600584638 /* ChatViewController.swift in Sources */ = {isa = PBXBuildFile; fileRef = A487E814278FAF6600584638 /* ChatViewController.swift */; };
		A49D61312791359A00280367 /* Constants.swift in Sources */ = {isa = PBXBuildFile; fileRef = A49D61302791359A00280367 /* Constants.swift */; };
		A49D61342792574E00280367 /* Message.swift in Sources */ = {isa = PBXBuildFile; fileRef = A49D61332792574E00280367 /* Message.swift */; };
		A49D61382792613900280367 /* MessageCell.swift in Sources */ = {isa = PBXBuildFile; fileRef = A49D61362792613900280367 /* MessageCell.swift */; };
		A49D61392792613900280367 /* MessageCell.xib in Resources */ = {isa = PBXBuildFile; fileRef = A49D61372792613900280367 /* MessageCell.xib */; };
		A49D613D279725FD00280367 /* IQKeyboardManagerSwift in Frameworks */ = {isa = PBXBuildFile; productRef = A49D613C279725FD00280367 /* IQKeyboardManagerSwift */; };
/* End PBXBuildFile section */

/* Begin PBXFileReference section */
		7DA673502D9E535372AC33C8 /* Pods-Flash-Chat.debug.xcconfig */ = {isa = PBXFileReference; includeInIndex = 1; lastKnownFileType = text.xcconfig; name = "Pods-Flash-Chat.debug.xcconfig"; path = "Target Support Files/Pods-Flash-Chat/Pods-Flash-Chat.debug.xcconfig"; sourceTree = "<group>"; };
		A4777DB92790F38E00D0B799 /* GoogleService-Info.plist */ = {isa = PBXFileReference; fileEncoding = 4; lastKnownFileType = text.plist.xml; path = "GoogleService-Info.plist"; sourceTree = "<group>"; };
		A487E7F5278FAE5300584638 /* Flash-Chat.app */ = {isa = PBXFileReference; explicitFileType = wrapper.application; includeInIndex = 0; path = "Flash-Chat.app"; sourceTree = BUILT_PRODUCTS_DIR; };
		A487E7F8278FAE5300584638 /* AppDelegate.swift */ = {isa = PBXFileReference; lastKnownFileType = sourcecode.swift; path = AppDelegate.swift; sourceTree = "<group>"; };
		A487E7FA278FAE5300584638 /* SceneDelegate.swift */ = {isa = PBXFileReference; lastKnownFileType = sourcecode.swift; path = SceneDelegate.swift; sourceTree = "<group>"; };
		A487E7FC278FAE5300584638 /* WelcomeViewController.swift */ = {isa = PBXFileReference; lastKnownFileType = sourcecode.swift; path = WelcomeViewController.swift; sourceTree = "<group>"; };
		A487E7FF278FAE5300584638 /* Base */ = {isa = PBXFileReference; lastKnownFileType = file.storyboard; name = Base; path = Base.lproj/Main.storyboard; sourceTree = "<group>"; };
		A487E801278FAE5C00584638 /* Assets.xcassets */ = {isa = PBXFileReference; lastKnownFileType = folder.assetcatalog; path = Assets.xcassets; sourceTree = "<group>"; };
		A487E804278FAE5C00584638 /* Base */ = {isa = PBXFileReference; lastKnownFileType = file.storyboard; name = Base; path = Base.lproj/LaunchScreen.storyboard; sourceTree = "<group>"; };
		A487E806278FAE5C00584638 /* Info.plist */ = {isa = PBXFileReference; lastKnownFileType = text.plist.xml; path = Info.plist; sourceTree = "<group>"; };
		A487E80E278FAED700584638 /* RegisterViewController.swift */ = {isa = PBXFileReference; lastKnownFileType = sourcecode.swift; path = RegisterViewController.swift; sourceTree = "<group>"; };
		A487E811278FAF4E00584638 /* LoginViewController.swift */ = {isa = PBXFileReference; lastKnownFileType = sourcecode.swift; path = LoginViewController.swift; sourceTree = "<group>"; };
		A487E814278FAF6600584638 /* ChatViewController.swift */ = {isa = PBXFileReference; lastKnownFileType = sourcecode.swift; path = ChatViewController.swift; sourceTree = "<group>"; };
		A49D61302791359A00280367 /* Constants.swift */ = {isa = PBXFileReference; lastKnownFileType = sourcecode.swift; path = Constants.swift; sourceTree = "<group>"; };
		A49D61332792574E00280367 /* Message.swift */ = {isa = PBXFileReference; lastKnownFileType = sourcecode.swift; path = Message.swift; sourceTree = "<group>"; };
		A49D61362792613900280367 /* MessageCell.swift */ = {isa = PBXFileReference; lastKnownFileType = sourcecode.swift; path = MessageCell.swift; sourceTree = "<group>"; };
		A49D61372792613900280367 /* MessageCell.xib */ = {isa = PBXFileReference; lastKnownFileType = file.xib; path = MessageCell.xib; sourceTree = "<group>"; };
		C322F9D267864B355B9500F9 /* Pods_Flash_Chat.framework */ = {isa = PBXFileReference; explicitFileType = wrapper.framework; includeInIndex = 0; path = Pods_Flash_Chat.framework; sourceTree = BUILT_PRODUCTS_DIR; };
		D169498758B93AD44D15F01D /* Pods-Flash-Chat.release.xcconfig */ = {isa = PBXFileReference; includeInIndex = 1; lastKnownFileType = text.xcconfig; name = "Pods-Flash-Chat.release.xcconfig"; path = "Target Support Files/Pods-Flash-Chat/Pods-Flash-Chat.release.xcconfig"; sourceTree = "<group>"; };
/* End PBXFileReference section */

/* Begin PBXFrameworksBuildPhase section */
		A487E7F2278FAE5300584638 /* Frameworks */ = {
			isa = PBXFrameworksBuildPhase;
			buildActionMask = 2147483647;
			files = (
				A49D613D279725FD00280367 /* IQKeyboardManagerSwift in Frameworks */,
				A4212C8B279741C9009C41F5 /* Pods_Flash_Chat.framework in Frameworks */,
			);
			runOnlyForDeploymentPostprocessing = 0;
		};
/* End PBXFrameworksBuildPhase section */

/* Begin PBXGroup section */
		2F776BCFAF47AD9E70CBA7E3 /* Frameworks */ = {
			isa = PBXGroup;
			children = (
				C322F9D267864B355B9500F9 /* Pods_Flash_Chat.framework */,
			);
			name = Frameworks;
			sourceTree = "<group>";
		};
		42D99532D66A172271C43117 /* Pods */ = {
			isa = PBXGroup;
			children = (
				7DA673502D9E535372AC33C8 /* Pods-Flash-Chat.debug.xcconfig */,
				D169498758B93AD44D15F01D /* Pods-Flash-Chat.release.xcconfig */,
			);
			path = Pods;
			sourceTree = "<group>";
		};
		A487E7EC278FAE5300584638 = {
			isa = PBXGroup;
			children = (
				A487E7F7278FAE5300584638 /* Flash-Chat */,
				A487E7F6278FAE5300584638 /* Products */,
				42D99532D66A172271C43117 /* Pods */,
				2F776BCFAF47AD9E70CBA7E3 /* Frameworks */,
			);
			sourceTree = "<group>";
		};
		A487E7F6278FAE5300584638 /* Products */ = {
			isa = PBXGroup;
			children = (
				A487E7F5278FAE5300584638 /* Flash-Chat.app */,
			);
			name = Products;
			sourceTree = "<group>";
		};
		A487E7F7278FAE5300584638 /* Flash-Chat */ = {
			isa = PBXGroup;
			children = (
				A487E7F8278FAE5300584638 /* AppDelegate.swift */,
				A487E7FA278FAE5300584638 /* SceneDelegate.swift */,
				A487E819278FAFCA00584638 /* Models */,
				A487E81A278FAFD600584638 /* Views */,
				A487E817278FAFB500584638 /* Controllers */,
				A487E801278FAE5C00584638 /* Assets.xcassets */,
				A487E803278FAE5C00584638 /* LaunchScreen.storyboard */,
				A487E806278FAE5C00584638 /* Info.plist */,
				A4777DB92790F38E00D0B799 /* GoogleService-Info.plist */,
				A49D61302791359A00280367 /* Constants.swift */,
			);
			path = "Flash-Chat";
			sourceTree = "<group>";
		};
		A487E817278FAFB500584638 /* Controllers */ = {
			isa = PBXGroup;
			children = (
				A487E7FC278FAE5300584638 /* WelcomeViewController.swift */,
				A487E80E278FAED700584638 /* RegisterViewController.swift */,
				A487E811278FAF4E00584638 /* LoginViewController.swift */,
				A487E814278FAF6600584638 /* ChatViewController.swift */,
			);
			path = Controllers;
			sourceTree = "<group>";
		};
		A487E819278FAFCA00584638 /* Models */ = {
			isa = PBXGroup;
			children = (
				A49D61332792574E00280367 /* Message.swift */,
			);
			path = Models;
			sourceTree = "<group>";
		};
		A487E81A278FAFD600584638 /* Views */ = {
			isa = PBXGroup;
			children = (
				A487E7FE278FAE5300584638 /* Main.storyboard */,
				A49D61362792613900280367 /* MessageCell.swift */,
				A49D61372792613900280367 /* MessageCell.xib */,
			);
			path = Views;
			sourceTree = "<group>";
		};
/* End PBXGroup section */

/* Begin PBXNativeTarget section */
		A487E7F4278FAE5300584638 /* Flash-Chat */ = {
			isa = PBXNativeTarget;
			buildConfigurationList = A487E809278FAE5C00584638 /* Build configuration list for PBXNativeTarget "Flash-Chat" */;
			buildPhases = (
				A81544C1673D346C0D4FF667 /* [CP] Check Pods Manifest.lock */,
				A487E7F1278FAE5300584638 /* Sources */,
				A487E7F2278FAE5300584638 /* Frameworks */,
				A487E7F3278FAE5300584638 /* Resources */,
				63A228F02D5030AF5530EE08 /* [CP] Embed Pods Frameworks */,
			);
			buildRules = (
			);
			dependencies = (
			);
			name = "Flash-Chat";
			packageProductDependencies = (
				A49D613C279725FD00280367 /* IQKeyboardManagerSwift */,
			);
			productName = "Flash-Chat";
			productReference = A487E7F5278FAE5300584638 /* Flash-Chat.app */;
			productType = "com.apple.product-type.application";
		};
/* End PBXNativeTarget section */

/* Begin PBXProject section */
		A487E7ED278FAE5300584638 /* Project object */ = {
			isa = PBXProject;
			attributes = {
				LastSwiftUpdateCheck = 1240;
				LastUpgradeCheck = 1240;
				TargetAttributes = {
					A487E7F4278FAE5300584638 = {
						CreatedOnToolsVersion = 12.4;
					};
				};
			};
			buildConfigurationList = A487E7F0278FAE5300584638 /* Build configuration list for PBXProject "Flash-Chat" */;
			compatibilityVersion = "Xcode 9.3";
			developmentRegion = en;
			hasScannedForEncodings = 0;
			knownRegions = (
				en,
				Base,
			);
			mainGroup = A487E7EC278FAE5300584638;
			packageReferences = (
				A49D613B279725FD00280367 /* XCRemoteSwiftPackageReference "IQKeyboardManager" */,
			);
			productRefGroup = A487E7F6278FAE5300584638 /* Products */;
			projectDirPath = "";
			projectRoot = "";
			targets = (
				A487E7F4278FAE5300584638 /* Flash-Chat */,
			);
		};
/* End PBXProject section */

/* Begin PBXResourcesBuildPhase section */
		A487E7F3278FAE5300584638 /* Resources */ = {
			isa = PBXResourcesBuildPhase;
			buildActionMask = 2147483647;
			files = (
				A49D61392792613900280367 /* MessageCell.xib in Resources */,
				A487E805278FAE5C00584638 /* LaunchScreen.storyboard in Resources */,
				A4777DBA2790F38E00D0B799 /* GoogleService-Info.plist in Resources */,
				A487E802278FAE5C00584638 /* Assets.xcassets in Resources */,
				A487E800278FAE5300584638 /* Main.storyboard in Resources */,
			);
			runOnlyForDeploymentPostprocessing = 0;
		};
/* End PBXResourcesBuildPhase section */

/* Begin PBXShellScriptBuildPhase section */
		63A228F02D5030AF5530EE08 /* [CP] Embed Pods Frameworks */ = {
			isa = PBXShellScriptBuildPhase;
			buildActionMask = 2147483647;
			files = (
			);
			inputFileListPaths = (
				"${PODS_ROOT}/Target Support Files/Pods-Flash-Chat/Pods-Flash-Chat-frameworks-${CONFIGURATION}-input-files.xcfilelist",
			);
			name = "[CP] Embed Pods Frameworks";
			outputFileListPaths = (
				"${PODS_ROOT}/Target Support Files/Pods-Flash-Chat/Pods-Flash-Chat-frameworks-${CONFIGURATION}-output-files.xcfilelist",
			);
			runOnlyForDeploymentPostprocessing = 0;
			shellPath = /bin/sh;
			shellScript = "\"${PODS_ROOT}/Target Support Files/Pods-Flash-Chat/Pods-Flash-Chat-frameworks.sh\"\n";
			showEnvVarsInLog = 0;
		};
		A81544C1673D346C0D4FF667 /* [CP] Check Pods Manifest.lock */ = {
			isa = PBXShellScriptBuildPhase;
			buildActionMask = 2147483647;
			files = (
			);
			inputFileListPaths = (
			);
			inputPaths = (
				"${PODS_PODFILE_DIR_PATH}/Podfile.lock",
				"${PODS_ROOT}/Manifest.lock",
			);
			name = "[CP] Check Pods Manifest.lock";
			outputFileListPaths = (
			);
			outputPaths = (
				"$(DERIVED_FILE_DIR)/Pods-Flash-Chat-checkManifestLockResult.txt",
			);
			runOnlyForDeploymentPostprocessing = 0;
			shellPath = /bin/sh;
			shellScript = "diff \"${PODS_PODFILE_DIR_PATH}/Podfile.lock\" \"${PODS_ROOT}/Manifest.lock\" > /dev/null\nif [ $? != 0 ] ; then\n    # print error to STDERR\n    echo \"error: The sandbox is not in sync with the Podfile.lock. Run 'pod install' or update your CocoaPods installation.\" >&2\n    exit 1\nfi\n# This output is used by Xcode 'outputs' to avoid re-running this script phase.\necho \"SUCCESS\" > \"${SCRIPT_OUTPUT_FILE_0}\"\n";
			showEnvVarsInLog = 0;
		};
/* End PBXShellScriptBuildPhase section */

/* Begin PBXSourcesBuildPhase section */
		A487E7F1278FAE5300584638 /* Sources */ = {
			isa = PBXSourcesBuildPhase;
			buildActionMask = 2147483647;
			files = (
				A487E7FD278FAE5300584638 /* WelcomeViewController.swift in Sources */,
				A487E7F9278FAE5300584638 /* AppDelegate.swift in Sources */,
				A487E7FB278FAE5300584638 /* SceneDelegate.swift in Sources */,
				A487E812278FAF4E00584638 /* LoginViewController.swift in Sources */,
				A49D61312791359A00280367 /* Constants.swift in Sources */,
				A49D61342792574E00280367 /* Message.swift in Sources */,
				A487E815278FAF6600584638 /* ChatViewController.swift in Sources */,
				A487E80F278FAED700584638 /* RegisterViewController.swift in Sources */,
				A49D61382792613900280367 /* MessageCell.swift in Sources */,
			);
			runOnlyForDeploymentPostprocessing = 0;
		};
/* End PBXSourcesBuildPhase section */

/* Begin PBXVariantGroup section */
		A487E7FE278FAE5300584638 /* Main.storyboard */ = {
			isa = PBXVariantGroup;
			children = (
				A487E7FF278FAE5300584638 /* Base */,
			);
			name = Main.storyboard;
			sourceTree = "<group>";
		};
		A487E803278FAE5C00584638 /* LaunchScreen.storyboard */ = {
			isa = PBXVariantGroup;
			children = (
				A487E804278FAE5C00584638 /* Base */,
			);
			name = LaunchScreen.storyboard;
			sourceTree = "<group>";
		};
/* End PBXVariantGroup section */

/* Begin XCBuildConfiguration section */
		A487E807278FAE5C00584638 /* Debug */ = {
			isa = XCBuildConfiguration;
			buildSettings = {
				ALWAYS_SEARCH_USER_PATHS = NO;
				CLANG_ANALYZER_NONNULL = YES;
				CLANG_ANALYZER_NUMBER_OBJECT_CONVERSION = YES_AGGRESSIVE;
				CLANG_CXX_LANGUAGE_STANDARD = "gnu++14";
				CLANG_CXX_LIBRARY = "libc++";
				CLANG_ENABLE_MODULES = YES;
				CLANG_ENABLE_OBJC_ARC = YES;
				CLANG_ENABLE_OBJC_WEAK = YES;
				CLANG_WARN_BLOCK_CAPTURE_AUTORELEASING = YES;
				CLANG_WARN_BOOL_CONVERSION = YES;
				CLANG_WARN_COMMA = YES;
				CLANG_WARN_CONSTANT_CONVERSION = YES;
				CLANG_WARN_DEPRECATED_OBJC_IMPLEMENTATIONS = YES;
				CLANG_WARN_DIRECT_OBJC_ISA_USAGE = YES_ERROR;
				CLANG_WARN_DOCUMENTATION_COMMENTS = YES;
				CLANG_WARN_EMPTY_BODY = YES;
				CLANG_WARN_ENUM_CONVERSION = YES;
				CLANG_WARN_INFINITE_RECURSION = YES;
				CLANG_WARN_INT_CONVERSION = YES;
				CLANG_WARN_NON_LITERAL_NULL_CONVERSION = YES;
				CLANG_WARN_OBJC_IMPLICIT_RETAIN_SELF = YES;
				CLANG_WARN_OBJC_LITERAL_CONVERSION = YES;
				CLANG_WARN_OBJC_ROOT_CLASS = YES_ERROR;
				CLANG_WARN_QUOTED_INCLUDE_IN_FRAMEWORK_HEADER = YES;
				CLANG_WARN_RANGE_LOOP_ANALYSIS = YES;
				CLANG_WARN_STRICT_PROTOTYPES = YES;
				CLANG_WARN_SUSPICIOUS_MOVE = YES;
				CLANG_WARN_UNGUARDED_AVAILABILITY = YES_AGGRESSIVE;
				CLANG_WARN_UNREACHABLE_CODE = YES;
				CLANG_WARN__DUPLICATE_METHOD_MATCH = YES;
				COPY_PHASE_STRIP = NO;
				DEBUG_INFORMATION_FORMAT = dwarf;
				ENABLE_STRICT_OBJC_MSGSEND = YES;
				ENABLE_TESTABILITY = YES;
				GCC_C_LANGUAGE_STANDARD = gnu11;
				GCC_DYNAMIC_NO_PIC = NO;
				GCC_NO_COMMON_BLOCKS = YES;
				GCC_OPTIMIZATION_LEVEL = 0;
				GCC_PREPROCESSOR_DEFINITIONS = (
					"DEBUG=1",
					"$(inherited)",
				);
				GCC_WARN_64_TO_32_BIT_CONVERSION = YES;
				GCC_WARN_ABOUT_RETURN_TYPE = YES_ERROR;
				GCC_WARN_UNDECLARED_SELECTOR = YES;
				GCC_WARN_UNINITIALIZED_AUTOS = YES_AGGRESSIVE;
				GCC_WARN_UNUSED_FUNCTION = YES;
				GCC_WARN_UNUSED_VARIABLE = YES;
				IPHONEOS_DEPLOYMENT_TARGET = 14.4;
				MTL_ENABLE_DEBUG_INFO = INCLUDE_SOURCE;
				MTL_FAST_MATH = YES;
				ONLY_ACTIVE_ARCH = YES;
				SDKROOT = iphoneos;
				SWIFT_ACTIVE_COMPILATION_CONDITIONS = DEBUG;
				SWIFT_OPTIMIZATION_LEVEL = "-Onone";
			};
			name = Debug;
		};
		A487E808278FAE5C00584638 /* Release */ = {
			isa = XCBuildConfiguration;
			buildSettings = {
				ALWAYS_SEARCH_USER_PATHS = NO;
				CLANG_ANALYZER_NONNULL = YES;
				CLANG_ANALYZER_NUMBER_OBJECT_CONVERSION = YES_AGGRESSIVE;
				CLANG_CXX_LANGUAGE_STANDARD = "gnu++14";
				CLANG_CXX_LIBRARY = "libc++";
				CLANG_ENABLE_MODULES = YES;
				CLANG_ENABLE_OBJC_ARC = YES;
				CLANG_ENABLE_OBJC_WEAK = YES;
				CLANG_WARN_BLOCK_CAPTURE_AUTORELEASING = YES;
				CLANG_WARN_BOOL_CONVERSION = YES;
				CLANG_WARN_COMMA = YES;
				CLANG_WARN_CONSTANT_CONVERSION = YES;
				CLANG_WARN_DEPRECATED_OBJC_IMPLEMENTATIONS = YES;
				CLANG_WARN_DIRECT_OBJC_ISA_USAGE = YES_ERROR;
				CLANG_WARN_DOCUMENTATION_COMMENTS = YES;
				CLANG_WARN_EMPTY_BODY = YES;
				CLANG_WARN_ENUM_CONVERSION = YES;
				CLANG_WARN_INFINITE_RECURSION = YES;
				CLANG_WARN_INT_CONVERSION = YES;
				CLANG_WARN_NON_LITERAL_NULL_CONVERSION = YES;
				CLANG_WARN_OBJC_IMPLICIT_RETAIN_SELF = YES;
				CLANG_WARN_OBJC_LITERAL_CONVERSION = YES;
				CLANG_WARN_OBJC_ROOT_CLASS = YES_ERROR;
				CLANG_WARN_QUOTED_INCLUDE_IN_FRAMEWORK_HEADER = YES;
				CLANG_WARN_RANGE_LOOP_ANALYSIS = YES;
				CLANG_WARN_STRICT_PROTOTYPES = YES;
				CLANG_WARN_SUSPICIOUS_MOVE = YES;
				CLANG_WARN_UNGUARDED_AVAILABILITY = YES_AGGRESSIVE;
				CLANG_WARN_UNREACHABLE_CODE = YES;
				CLANG_WARN__DUPLICATE_METHOD_MATCH = YES;
				COPY_PHASE_STRIP = NO;
				DEBUG_INFORMATION_FORMAT = "dwarf-with-dsym";
				ENABLE_NS_ASSERTIONS = NO;
				ENABLE_STRICT_OBJC_MSGSEND = YES;
				GCC_C_LANGUAGE_STANDARD = gnu11;
				GCC_NO_COMMON_BLOCKS = YES;
				GCC_WARN_64_TO_32_BIT_CONVERSION = YES;
				GCC_WARN_ABOUT_RETURN_TYPE = YES_ERROR;
				GCC_WARN_UNDECLARED_SELECTOR = YES;
				GCC_WARN_UNINITIALIZED_AUTOS = YES_AGGRESSIVE;
				GCC_WARN_UNUSED_FUNCTION = YES;
				GCC_WARN_UNUSED_VARIABLE = YES;
				IPHONEOS_DEPLOYMENT_TARGET = 14.4;
				MTL_ENABLE_DEBUG_INFO = NO;
				MTL_FAST_MATH = YES;
				SDKROOT = iphoneos;
				SWIFT_COMPILATION_MODE = wholemodule;
				SWIFT_OPTIMIZATION_LEVEL = "-O";
				VALIDATE_PRODUCT = YES;
			};
			name = Release;
		};
		A487E80A278FAE5C00584638 /* Debug */ = {
			isa = XCBuildConfiguration;
			baseConfigurationReference = 7DA673502D9E535372AC33C8 /* Pods-Flash-Chat.debug.xcconfig */;
			buildSettings = {
				ASSETCATALOG_COMPILER_APPICON_NAME = AppIcon;
				ASSETCATALOG_COMPILER_GLOBAL_ACCENT_COLOR_NAME = AccentColor;
				CODE_SIGN_STYLE = Automatic;
				DEVELOPMENT_TEAM = DG325NLY4F;
				INFOPLIST_FILE = "Flash-Chat/Info.plist";
				LD_RUNPATH_SEARCH_PATHS = (
					"$(inherited)",
					"@executable_path/Frameworks",
				);
				OTHER_CODE_SIGN_FLAGS = "--generate-entitlement-der";
				PRODUCT_BUNDLE_IDENTIFIER = "evgeniiL.Flash-Chat";
				PRODUCT_NAME = "$(TARGET_NAME)";
				SWIFT_VERSION = 5.0;
				TARGETED_DEVICE_FAMILY = "1,2";
			};
			name = Debug;
		};
		A487E80B278FAE5C00584638 /* Release */ = {
			isa = XCBuildConfiguration;
			baseConfigurationReference = D169498758B93AD44D15F01D /* Pods-Flash-Chat.release.xcconfig */;
			buildSettings = {
				ASSETCATALOG_COMPILER_APPICON_NAME = AppIcon;
				ASSETCATALOG_COMPILER_GLOBAL_ACCENT_COLOR_NAME = AccentColor;
				CODE_SIGN_STYLE = Automatic;
				DEVELOPMENT_TEAM = DG325NLY4F;
				INFOPLIST_FILE = "Flash-Chat/Info.plist";
				LD_RUNPATH_SEARCH_PATHS = (
					"$(inherited)",
					"@executable_path/Frameworks",
				);
				OTHER_CODE_SIGN_FLAGS = "--generate-entitlement-der";
				PRODUCT_BUNDLE_IDENTIFIER = "evgeniiL.Flash-Chat";
				PRODUCT_NAME = "$(TARGET_NAME)";
				SWIFT_VERSION = 5.0;
				TARGETED_DEVICE_FAMILY = "1,2";
			};
			name = Release;
		};
/* End XCBuildConfiguration section */

/* Begin XCConfigurationList section */
		A487E7F0278FAE5300584638 /* Build configuration list for PBXProject "Flash-Chat" */ = {
			isa = XCConfigurationList;
			buildConfigurations = (
				A487E807278FAE5C00584638 /* Debug */,
				A487E808278FAE5C00584638 /* Release */,
			);
			defaultConfigurationIsVisible = 0;
			defaultConfigurationName = Release;
		};
		A487E809278FAE5C00584638 /* Build configuration list for PBXNativeTarget "Flash-Chat" */ = {
			isa = XCConfigurationList;
			buildConfigurations = (
				A487E80A278FAE5C00584638 /* Debug */,
				A487E80B278FAE5C00584638 /* Release */,
			);
			defaultConfigurationIsVisible = 0;
			defaultConfigurationName = Release;
		};
/* End XCConfigurationList section */

/* Begin XCRemoteSwiftPackageReference section */
		A49D613B279725FD00280367 /* XCRemoteSwiftPackageReference "IQKeyboardManager" */ = {
			isa = XCRemoteSwiftPackageReference;
			repositoryURL = "https://github.com/hackiftekhar/IQKeyboardManager";
			requirement = {
				kind = upToNextMajorVersion;
				minimumVersion = 6.5.9;
			};
		};
/* End XCRemoteSwiftPackageReference section */

/* Begin XCSwiftPackageProductDependency section */
		A49D613C279725FD00280367 /* IQKeyboardManagerSwift */ = {
			isa = XCSwiftPackageProductDependency;
			package = A49D613B279725FD00280367 /* XCRemoteSwiftPackageReference "IQKeyboardManager" */;
			productName = IQKeyboardManagerSwift;
		};
/* End XCSwiftPackageProductDependency section */
	};
	rootObject = A487E7ED278FAE5300584638 /* Project object */;
}
